
Microsoft Visual Studio Solution File, Format Version 12.00
# Visual Studio 2013
VisualStudioVersion = 12.0.31101.0
MinimumVisualStudioVersion = 10.0.40219.1
Project("{FAE04EC0-301F-11D3-BF4B-00C04F79EFBC}") = "UI", "UI\UI.csproj", "{4E6DD5C8-3853-4DF5-9489-47CE8B8D6288}"
EndProject
Project("{FAE04EC0-301F-11D3-BF4B-00C04F79EFBC}") = "DA", "DA\DA.csproj", "{CDA7E9CF-00D5-4694-89DD-DED162333ED8}"
EndProject
Project("{FAE04EC0-301F-11D3-BF4B-00C04F79EFBC}") = "BL", "BL\BL.csproj", "{64A5D598-49D2-48CE-AFFD-8667BC09CA32}"
EndProject
Global
	GlobalSection(SolutionConfigurationPlatforms) = preSolution
		Debug|Any CPU = Debug|Any CPU
		Release|Any CPU = Release|Any CPU
	EndGlobalSection
	GlobalSection(ProjectConfigurationPlatforms) = postSolution
		{4E6DD5C8-3853-4DF5-9489-47CE8B8D6288}.Debug|Any CPU.ActiveCfg = Debug|Any CPU
		{4E6DD5C8-3853-4DF5-9489-47CE8B8D6288}.Debug|Any CPU.Build.0 = Debug|Any CPU
		{4E6DD5C8-3853-4DF5-9489-47CE8B8D6288}.Release|Any CPU.ActiveCfg = Release|Any CPU
		{4E6DD5C8-3853-4DF5-9489-47CE8B8D6288}.Release|Any CPU.Build.0 = Release|Any CPU
		{CDA7E9CF-00D5-4694-89DD-DED162333ED8}.Debug|Any CPU.ActiveCfg = Debug|Any CPU
		{CDA7E9CF-00D5-4694-89DD-DED162333ED8}.Debug|Any CPU.Build.0 = Debug|Any CPU
		{CDA7E9CF-00D5-4694-89DD-DED162333ED8}.Release|Any CPU.ActiveCfg = Release|Any CPU
		{CDA7E9CF-00D5-4694-89DD-DED162333ED8}.Release|Any CPU.Build.0 = Release|Any CPU
		{64A5D598-49D2-48CE-AFFD-8667BC09CA32}.Debug|Any CPU.ActiveCfg = Debug|Any CPU
		{64A5D598-49D2-48CE-AFFD-8667BC09CA32}.Debug|Any CPU.Build.0 = Debug|Any CPU
		{64A5D598-49D2-48CE-AFFD-8667BC09CA32}.Release|Any CPU.ActiveCfg = Release|Any CPU
		{64A5D598-49D2-48CE-AFFD-8667BC09CA32}.Release|Any CPU.Build.0 = Release|Any CPU
	EndGlobalSection
	GlobalSection(SolutionProperties) = preSolution
		HideSolutionNode = FALSE
	EndGlobalSection
EndGlobal
